
Microsoft Visual Studio Solution File, Format Version 12.00
# Visual Studio Version 17
VisualStudioVersion = 17.5.2.0
MinimumVisualStudioVersion = 10.0.40219.1
Project("{FAE04EC0-301F-11D3-BF4B-00C04F79EFBC}") = "С#_project", "С#_project.csproj", "{BCFE34DC-B903-B412-D529-0DEBFFE7B4E1}"
EndProject
Global
	GlobalSection(SolutionConfigurationPlatforms) = preSolution
		Debug|Any CPU = Debug|Any CPU
		Release|Any CPU = Release|Any CPU
	EndGlobalSection
	GlobalSection(ProjectConfigurationPlatforms) = postSolution
		{BCFE34DC-B903-B412-D529-0DEBFFE7B4E1}.Debug|Any CPU.ActiveCfg = Debug|Any CPU
		{BCFE34DC-B903-B412-D529-0DEBFFE7B4E1}.Debug|Any CPU.Build.0 = Debug|Any CPU
		{BCFE34DC-B903-B412-D529-0DEBFFE7B4E1}.Release|Any CPU.ActiveCfg = Release|Any CPU
		{BCFE34DC-B903-B412-D529-0DEBFFE7B4E1}.Release|Any CPU.Build.0 = Release|Any CPU
	EndGlobalSection
	GlobalSection(SolutionProperties) = preSolution
		HideSolutionNode = FALSE
	EndGlobalSection
	GlobalSection(ExtensibilityGlobals) = postSolution
		SolutionGuid = {6B1B48A0-D0BB-4AC1-91FB-2B8CCD09443A}
	EndGlobalSection
EndGlobal
